
Microsoft Visual Studio Solution File, Format Version 12.00
# Visual Studio Version 16
VisualStudioVersion = 16.0.29318.209
MinimumVisualStudioVersion = 10.0.40219.1
Project("{FAE04EC0-301F-11D3-BF4B-00C04F79EFBC}") = "Csharp project Q8", "Csharp project Q8\Csharp project Q8.csproj", "{CE98E479-3D0D-45CB-A089-3A79D5C8E9A7}"
EndProject
Global
	GlobalSection(SolutionConfigurationPlatforms) = preSolution
		Debug|Any CPU = Debug|Any CPU
		Release|Any CPU = Release|Any CPU
	EndGlobalSection
	GlobalSection(ProjectConfigurationPlatforms) = postSolution
		{CE98E479-3D0D-45CB-A089-3A79D5C8E9A7}.Debug|Any CPU.ActiveCfg = Debug|Any CPU
		{CE98E479-3D0D-45CB-A089-3A79D5C8E9A7}.Debug|Any CPU.Build.0 = Debug|Any CPU
		{CE98E479-3D0D-45CB-A089-3A79D5C8E9A7}.Release|Any CPU.ActiveCfg = Release|Any CPU
		{CE98E479-3D0D-45CB-A089-3A79D5C8E9A7}.Release|Any CPU.Build.0 = Release|Any CPU
	EndGlobalSection
	GlobalSection(SolutionProperties) = preSolution
		HideSolutionNode = FALSE
	EndGlobalSection
	GlobalSection(ExtensibilityGlobals) = postSolution
		SolutionGuid = {8710EAFB-C7F2-4737-93AE-1F1B01EABB8C}
	EndGlobalSection
EndGlobal
